schema: '2.0'
stages:
  collect:
    cmd: python -m src.data.rss_collector
    outs:
    - path: data/raw
      hash: md5
      md5: febba7a4dbc3bd6859efab00529fea06.dir
      size: 396775
      nfiles: 1
  preprocess:
    cmd: python -m src.data.preprocessor
    deps:
    - path: data/raw
      hash: md5
      md5: febba7a4dbc3bd6859efab00529fea06.dir
      size: 396775
      nfiles: 1
    - path: src/data/preprocessor.py
      hash: md5
      md5: 496871c364c3f07ecad65acc99022606
      size: 9987
    outs:
    - path: data/processed
      hash: md5
      md5: 6fc0789a7df465431ec0d6663c9f062b.dir
      size: 678761
      nfiles: 1
  analyze:
    cmd: python -m src.analysis.sentiment && python -m src.analysis.ner && 
      python -m src.analysis.clustering
    deps:
    - path: data/processed
      hash: md5
      md5: 6fc0789a7df465431ec0d6663c9f062b.dir
      size: 678761
      nfiles: 1
    - path: src/analysis/clustering.py
      hash: md5
      md5: d3ef4e466411e649dd4748e2ec391ae3
      size: 10349
    - path: src/analysis/ner.py
      hash: md5
      md5: c013253e916fd2565bc2a2139d02d4ad
      size: 7705
    - path: src/analysis/sentiment.py
      hash: md5
      md5: 68304e355b19da5a65270bdc60935246
      size: 7985
    outs:
    - path: data/analyzed
      hash: md5
      md5: b15d373807a0f2f6af68b0c7cd4ec038.dir
      size: 1007501
      nfiles: 2
